
Microsoft Visual Studio Solution File, Format Version 12.00
# Visual Studio Version 17
VisualStudioVersion = 17.6.33513.286
MinimumVisualStudioVersion = 10.0.40219.1
Project("{FAE04EC0-301F-11D3-BF4B-00C04F79EFBC}") = "WebServer", "WebServer\WebServer.csproj", "{7BECA52B-D837-4DB2-BD2C-F2CD2FB66E6A}"
EndProject
Global
	GlobalSection(SolutionConfigurationPlatforms) = preSolution
		Debug|Any CPU = Debug|Any CPU
		Release|Any CPU = Release|Any CPU
	EndGlobalSection
	GlobalSection(ProjectConfigurationPlatforms) = postSolution
		{7BECA52B-D837-4DB2-BD2C-F2CD2FB66E6A}.Debug|Any CPU.ActiveCfg = Debug|Any CPU
		{7BECA52B-D837-4DB2-BD2C-F2CD2FB66E6A}.Debug|Any CPU.Build.0 = Debug|Any CPU
		{7BECA52B-D837-4DB2-BD2C-F2CD2FB66E6A}.Release|Any CPU.ActiveCfg = Release|Any CPU
		{7BECA52B-D837-4DB2-BD2C-F2CD2FB66E6A}.Release|Any CPU.Build.0 = Release|Any CPU
	EndGlobalSection
	GlobalSection(SolutionProperties) = preSolution
		HideSolutionNode = FALSE
	EndGlobalSection
	GlobalSection(ExtensibilityGlobals) = postSolution
		SolutionGuid = {447C38B2-5B3A-4E21-8C11-8BC37F5E5200}
	EndGlobalSection
EndGlobal
